
Microsoft Visual Studio Solution File, Format Version 12.00
# Visual Studio Version 18
VisualStudioVersion = 18.8.11925.187 insiders
MinimumVisualStudioVersion = 10.0.40219.1
Project("{2150E333-8FDC-42A3-9474-1A3956D46DE8}") = "Apps", "Apps", "{827E0CD3-B72D-47B6-A68D-7590B98EB39B}"
EndProject
Project("{FAE04EC0-301F-11D3-BF4B-00C04F79EFBC}") = "cCoder.ContentManagement", "cCoder.ContentManagement\cCoder.ContentManagement.csproj", "{359423EF-9A1E-408D-A593-A653E48A2ABF}"
EndProject
Project("{FAE04EC0-301F-11D3-BF4B-00C04F79EFBC}") = "cCoder.ContentManagement.Tests", "cCoder.ContentManagement.Tests\cCoder.ContentManagement.Tests.csproj", "{DC77A2A6-EAFE-4347-A112-700EFB8AA702}"
EndProject
Project("{FAE04EC0-301F-11D3-BF4B-00C04F79EFBC}") = "ContentManagement.AcceptanceTests", "ContentManagement.AcceptanceTests\ContentManagement.AcceptanceTests.csproj", "{7F4FD1DC-D38A-436D-BAB7-1A494C22022A}"
EndProject
Project("{FAE04EC0-301F-11D3-BF4B-00C04F79EFBC}") = "ContentManagement.Web", "ContentManagement.Web\ContentManagement.Web.csproj", "{8A1A2103-59EF-411A-A78D-03E79D991F4B}"
EndProject
Project("{FAE04EC0-301F-11D3-BF4B-00C04F79EFBC}") = "ContentManagement.IntegrationTests", "ContentManagement.IntegrationTests\ContentManagement.IntegrationTests.csproj", "{CCBFF64F-D46A-444D-8882-5D5A77EAC574}"
EndProject
Global
	GlobalSection(SolutionConfigurationPlatforms) = preSolution
		Debug|Any CPU = Debug|Any CPU
		Debug|x64 = Debug|x64
		Debug|x86 = Debug|x86
		Release|Any CPU = Release|Any CPU
		Release|x64 = Release|x64
		Release|x86 = Release|x86
	EndGlobalSection
	GlobalSection(ProjectConfigurationPlatforms) = postSolution
		{359423EF-9A1E-408D-A593-A653E48A2ABF}.Debug|Any CPU.ActiveCfg = Debug|Any CPU
		{359423EF-9A1E-408D-A593-A653E48A2ABF}.Debug|Any CPU.Build.0 = Debug|Any CPU
		{359423EF-9A1E-408D-A593-A653E48A2ABF}.Debug|x64.ActiveCfg = Debug|Any CPU
		{359423EF-9A1E-408D-A593-A653E48A2ABF}.Debug|x64.Build.0 = Debug|Any CPU
		{359423EF-9A1E-408D-A593-A653E48A2ABF}.Debug|x86.ActiveCfg = Debug|Any CPU
		{359423EF-9A1E-408D-A593-A653E48A2ABF}.Debug|x86.Build.0 = Debug|Any CPU
		{359423EF-9A1E-408D-A593-A653E48A2ABF}.Release|Any CPU.ActiveCfg = Release|Any CPU
		{359423EF-9A1E-408D-A593-A653E48A2ABF}.Release|Any CPU.Build.0 = Release|Any CPU
		{359423EF-9A1E-408D-A593-A653E48A2ABF}.Release|x64.ActiveCfg = Release|Any CPU
		{359423EF-9A1E-408D-A593-A653E48A2ABF}.Release|x64.Build.0 = Release|Any CPU
		{359423EF-9A1E-408D-A593-A653E48A2ABF}.Release|x86.ActiveCfg = Release|Any CPU
		{359423EF-9A1E-408D-A593-A653E48A2ABF}.Release|x86.Build.0 = Release|Any CPU
		{DC77A2A6-EAFE-4347-A112-700EFB8AA702}.Debug|Any CPU.ActiveCfg = Debug|Any CPU
		{DC77A2A6-EAFE-4347-A112-700EFB8AA702}.Debug|Any CPU.Build.0 = Debug|Any CPU
		{DC77A2A6-EAFE-4347-A112-700EFB8AA702}.Debug|x64.ActiveCfg = Debug|Any CPU
		{DC77A2A6-EAFE-4347-A112-700EFB8AA702}.Debug|x64.Build.0 = Debug|Any CPU
		{DC77A2A6-EAFE-4347-A112-700EFB8AA702}.Debug|x86.ActiveCfg = Debug|Any CPU
		{DC77A2A6-EAFE-4347-A112-700EFB8AA702}.Debug|x86.Build.0 = Debug|Any CPU
		{DC77A2A6-EAFE-4347-A112-700EFB8AA702}.Release|Any CPU.ActiveCfg = Release|Any CPU
		{DC77A2A6-EAFE-4347-A112-700EFB8AA702}.Release|Any CPU.Build.0 = Release|Any CPU
		{DC77A2A6-EAFE-4347-A112-700EFB8AA702}.Release|x64.ActiveCfg = Release|Any CPU
		{DC77A2A6-EAFE-4347-A112-700EFB8AA702}.Release|x64.Build.0 = Release|Any CPU
		{DC77A2A6-EAFE-4347-A112-700EFB8AA702}.Release|x86.ActiveCfg = Release|Any CPU
		{DC77A2A6-EAFE-4347-A112-700EFB8AA702}.Release|x86.Build.0 = Release|Any CPU
		{7F4FD1DC-D38A-436D-BAB7-1A494C22022A}.Debug|Any CPU.ActiveCfg = Debug|Any CPU
		{7F4FD1DC-D38A-436D-BAB7-1A494C22022A}.Debug|Any CPU.Build.0 = Debug|Any CPU
		{7F4FD1DC-D38A-436D-BAB7-1A494C22022A}.Debug|x64.ActiveCfg = Debug|Any CPU
		{7F4FD1DC-D38A-436D-BAB7-1A494C22022A}.Debug|x64.Build.0 = Debug|Any CPU
		{7F4FD1DC-D38A-436D-BAB7-1A494C22022A}.Debug|x86.ActiveCfg = Debug|Any CPU
		{7F4FD1DC-D38A-436D-BAB7-1A494C22022A}.Debug|x86.Build.0 = Debug|Any CPU
		{7F4FD1DC-D38A-436D-BAB7-1A494C22022A}.Release|Any CPU.ActiveCfg = Release|Any CPU
		{7F4FD1DC-D38A-436D-BAB7-1A494C22022A}.Release|Any CPU.Build.0 = Release|Any CPU
		{7F4FD1DC-D38A-436D-BAB7-1A494C22022A}.Release|x64.ActiveCfg = Release|Any CPU
		{7F4FD1DC-D38A-436D-BAB7-1A494C22022A}.Release|x64.Build.0 = Release|Any CPU
		{7F4FD1DC-D38A-436D-BAB7-1A494C22022A}.Release|x86.ActiveCfg = Release|Any CPU
		{7F4FD1DC-D38A-436D-BAB7-1A494C22022A}.Release|x86.Build.0 = Release|Any CPU
		{8A1A2103-59EF-411A-A78D-03E79D991F4B}.Debug|Any CPU.ActiveCfg = Debug|Any CPU
		{8A1A2103-59EF-411A-A78D-03E79D991F4B}.Debug|Any CPU.Build.0 = Debug|Any CPU
		{8A1A2103-59EF-411A-A78D-03E79D991F4B}.Debug|x64.ActiveCfg = Debug|Any CPU
		{8A1A2103-59EF-411A-A78D-03E79D991F4B}.Debug|x64.Build.0 = Debug|Any CPU
		{8A1A2103-59EF-411A-A78D-03E79D991F4B}.Debug|x86.ActiveCfg = Debug|Any CPU
		{8A1A2103-59EF-411A-A78D-03E79D991F4B}.Debug|x86.Build.0 = Debug|Any CPU
		{8A1A2103-59EF-411A-A78D-03E79D991F4B}.Release|Any CPU.ActiveCfg = Release|Any CPU
		{8A1A2103-59EF-411A-A78D-03E79D991F4B}.Release|Any CPU.Build.0 = Release|Any CPU
		{8A1A2103-59EF-411A-A78D-03E79D991F4B}.Release|x64.ActiveCfg = Release|Any CPU
		{8A1A2103-59EF-411A-A78D-03E79D991F4B}.Release|x64.Build.0 = Release|Any CPU
		{8A1A2103-59EF-411A-A78D-03E79D991F4B}.Release|x86.ActiveCfg = Release|Any CPU
		{8A1A2103-59EF-411A-A78D-03E79D991F4B}.Release|x86.Build.0 = Release|Any CPU
		{CCBFF64F-D46A-444D-8882-5D5A77EAC574}.Debug|Any CPU.ActiveCfg = Debug|Any CPU
		{CCBFF64F-D46A-444D-8882-5D5A77EAC574}.Debug|Any CPU.Build.0 = Debug|Any CPU
		{CCBFF64F-D46A-444D-8882-5D5A77EAC574}.Debug|x64.ActiveCfg = Debug|Any CPU
		{CCBFF64F-D46A-444D-8882-5D5A77EAC574}.Debug|x64.Build.0 = Debug|Any CPU
		{CCBFF64F-D46A-444D-8882-5D5A77EAC574}.Debug|x86.ActiveCfg = Debug|Any CPU
		{CCBFF64F-D46A-444D-8882-5D5A77EAC574}.Debug|x86.Build.0 = Debug|Any CPU
		{CCBFF64F-D46A-444D-8882-5D5A77EAC574}.Release|Any CPU.ActiveCfg = Release|Any CPU
		{CCBFF64F-D46A-444D-8882-5D5A77EAC574}.Release|Any CPU.Build.0 = Release|Any CPU
		{CCBFF64F-D46A-444D-8882-5D5A77EAC574}.Release|x64.ActiveCfg = Release|Any CPU
		{CCBFF64F-D46A-444D-8882-5D5A77EAC574}.Release|x64.Build.0 = Release|Any CPU
		{CCBFF64F-D46A-444D-8882-5D5A77EAC574}.Release|x86.ActiveCfg = Release|Any CPU
		{CCBFF64F-D46A-444D-8882-5D5A77EAC574}.Release|x86.Build.0 = Release|Any CPU
	EndGlobalSection
	GlobalSection(SolutionProperties) = preSolution
		HideSolutionNode = FALSE
	EndGlobalSection
	GlobalSection(NestedProjects) = preSolution
		{8A1A2103-59EF-411A-A78D-03E79D991F4B} = {827E0CD3-B72D-47B6-A68D-7590B98EB39B}
	EndGlobalSection
EndGlobal
